# This file was autogenerated by Stack.
# You should not edit this file by hand.
# For more information, please see the documentation at:
#   https://docs.haskellstack.org/en/stable/lock_files

packages:
- completed:
    hackage: HsYAML-0.1.2.0@sha256:8e09629f5f023c5a2454000aba83c1a0f4a8ea280433a1614210fbf259add848,3867
    pantry-tree:
      size: 878
      sha256: b5aa38b4298f461a46f724ed898d3d5c610bb7ca351809946cfeaa2ed73d6cb3
  original:
    hackage: HsYAML-0.1.2.0
- completed:
    hackage: data-list-sequences-0.1@sha256:7117c2a19e817c76b2785d44e0ca13b44e0364c351e8931999c0be357c34e5f6,1884
    pantry-tree:
      size: 227
      sha256: 7b0c3ac7378b4eed1ddcf31608bb437837deccd3e8ee69feb1cb333919a78f14
  original:
    hackage: data-list-sequences-0.1
snapshots:
- completed:
    size: 524155
    url: https://raw.githubusercontent.com/commercialhaskell/stackage-snapshots/master/lts/14/19.yaml
    sha256: 9f79f6494473c9b46911364b94c4b5ef19ca8d35ebf62e46697cf651f198ee19
  original: lts-14.19
